// !$*UTF8*$!
{
	archiveVersion = 1;
	classes = {
	};
	objectVersion = 46;
	objects = {

/* Begin PBXBuildFile section */
		6ECF5A2C1E8A75C30014D954 /* main.cpp in Sources */ = {isa = PBXBuildFile; fileRef = 6ECF5A2B1E8A75C30014D954 /* main.cpp */; };
		6ECF5A341E8A76060014D954 /* Player.cpp in Sources */ = {isa = PBXBuildFile; fileRef = 6ECF5A321E8A76060014D954 /* Player.cpp */; };
		6ECF5A371E8AD3750014D954 /* Rival.cpp in Sources */ = {isa = PBXBuildFile; fileRef = 6ECF5A361E8AD3750014D954 /* Rival.cpp */; };
/* End PBXBuildFile section */

/* Begin PBXCopyFilesBuildPhase section */
		6ECF5A261E8A75C30014D954 /* CopyFiles */ = {
			isa = PBXCopyFilesBuildPhase;
			buildActionMask = 2147483647;
			dstPath = /usr/share/man/man1/;
			dstSubfolderSpec = 0;
			files = (
			);
			runOnlyForDeploymentPostprocessing = 1;
		};
/* End PBXCopyFilesBuildPhase section */

/* Begin PBXFileReference section */
		6ECF5A281E8A75C30014D954 /* PokemonCodeAttempt1 */ = {isa = PBXFileReference; explicitFileType = "compiled.mach-o.executable"; includeInIndex = 0; path = PokemonCodeAttempt1; sourceTree = BUILT_PRODUCTS_DIR; };
		6ECF5A2B1E8A75C30014D954 /* main.cpp */ = {isa = PBXFileReference; lastKnownFileType = sourcecode.cpp.cpp; path = main.cpp; sourceTree = "<group>"; };
		6ECF5A321E8A76060014D954 /* Player.cpp */ = {isa = PBXFileReference; fileEncoding = 4; lastKnownFileType = sourcecode.cpp.cpp; path = Player.cpp; sourceTree = "<group>"; };
		6ECF5A351E8AC83D0014D954 /* Player.h */ = {isa = PBXFileReference; lastKnownFileType = sourcecode.c.h; path = Player.h; sourceTree = "<group>"; };
		6ECF5A361E8AD3750014D954 /* Rival.cpp */ = {isa = PBXFileReference; fileEncoding = 4; lastKnownFileType = sourcecode.cpp.cpp; path = Rival.cpp; sourceTree = "<group>"; };
		6ECF5A381E8AD3CC0014D954 /* Rival.h */ = {isa = PBXFileReference; lastKnownFileType = sourcecode.c.h; path = Rival.h; sourceTree = "<group>"; };
/* End PBXFileReference section */

/* Begin PBXFrameworksBuildPhase section */
		6ECF5A251E8A75C30014D954 /* Frameworks */ = {
			isa = PBXFrameworksBuildPhase;
			buildActionMask = 2147483647;
			files = (
			);
			runOnlyForDeploymentPostprocessing = 0;
		};
/* End PBXFrameworksBuildPhase section */

/* Begin PBXGroup section */
		6ECF5A1F1E8A75C30014D954 = {
			isa = PBXGroup;
			children = (
				6ECF5A2A1E8A75C30014D954 /* PokemonCodeAttempt1 */,
				6ECF5A291E8A75C30014D954 /* Products */,
			);
			sourceTree = "<group>";
		};
		6ECF5A291E8A75C30014D954 /* Products */ = {
			isa = PBXGroup;
			children = (
				6ECF5A281E8A75C30014D954 /* PokemonCodeAttempt1 */,
			);
			name = Products;
			sourceTree = "<group>";
		};
		6ECF5A2A1E8A75C30014D954 /* PokemonCodeAttempt1 */ = {
			isa = PBXGroup;
			children = (
				6ECF5A2B1E8A75C30014D954 /* main.cpp */,
				6ECF5A321E8A76060014D954 /* Player.cpp */,
				6ECF5A351E8AC83D0014D954 /* Player.h */,
				6ECF5A361E8AD3750014D954 /* Rival.cpp */,
				6ECF5A381E8AD3CC0014D954 /* Rival.h */,
			);
			path = PokemonCodeAttempt1;
			sourceTree = "<group>";
		};
/* End PBXGroup section */

/* Begin PBXNativeTarget section */
		6ECF5A271E8A75C30014D954 /* PokemonCodeAttempt1 */ = {
			isa = PBXNativeTarget;
			buildConfigurationList = 6ECF5A2F1E8A75C30014D954 /* Build configuration list for PBXNativeTarget "PokemonCodeAttempt1" */;
			buildPhases = (
				6ECF5A241E8A75C30014D954 /* Sources */,
				6ECF5A251E8A75C30014D954 /* Frameworks */,
				6ECF5A261E8A75C30014D954 /* CopyFiles */,
			);
			buildRules = (
			);
			dependencies = (
			);
			name = PokemonCodeAttempt1;
			productName = PokemonCodeAttempt1;
			productReference = 6ECF5A281E8A75C30014D954 /* PokemonCodeAttempt1 */;
			productType = "com.apple.product-type.tool";
		};
/* End PBXNativeTarget section */

/* Begin PBXProject section */
		6ECF5A201E8A75C30014D954 /* Project object */ = {
			isa = PBXProject;
			attributes = {
				LastUpgradeCheck = 0820;
				ORGANIZATIONNAME = "Trevis Jontaé Fields";
				TargetAttributes = {
					6ECF5A271E8A75C30014D954 = {
						CreatedOnToolsVersion = 8.2.1;
						ProvisioningStyle = Automatic;
					};
				};
			};
			buildConfigurationList = 6ECF5A231E8A75C30014D954 /* Build configuration list for PBXProject "PokemonCodeAttempt1" */;
			compatibilityVersion = "Xcode 3.2";
			developmentRegion = English;
			hasScannedForEncodings = 0;
			knownRegions = (
				en,
			);
			mainGroup = 6ECF5A1F1E8A75C30014D954;
			productRefGroup = 6ECF5A291E8A75C30014D954 /* Products */;
			projectDirPath = "";
			projectRoot = "";
			targets = (
				6ECF5A271E8A75C30014D954 /* PokemonCodeAttempt1 */,
			);
		};
/* End PBXProject section */

/* Begin PBXSourcesBuildPhase section */
		6ECF5A241E8A75C30014D954 /* Sources */ = {
			isa = PBXSourcesBuildPhase;
			buildActionMask = 2147483647;
			files = (
				6ECF5A341E8A76060014D954 /* Player.cpp in Sources */,
				6ECF5A2C1E8A75C30014D954 /* main.cpp in Sources */,
				6ECF5A371E8AD3750014D954 /* Rival.cpp in Sources */,
			);
			runOnlyForDeploymentPostprocessing = 0;
		};
/* End PBXSourcesBuildPhase section */

/* Begin XCBuildConfiguration section */
		6ECF5A2D1E8A75C30014D954 /* Debug */ = {
			isa = XCBuildConfiguration;
			buildSettings = {
				ALWAYS_SEARCH_USER_PATHS = NO;
				CLANG_ANALYZER_NONNULL = YES;
				CLANG_CXX_LANGUAGE_STANDARD = "gnu++0x";
				CLANG_CXX_LIBRARY = "libc++";
				CLANG_ENABLE_MODULES = YES;
				CLANG_ENABLE_OBJC_ARC = YES;
				CLANG_WARN_BOOL_CONVERSION = YES;
				CLANG_WARN_CONSTANT_CONVERSION = YES;
				CLANG_WARN_DIRECT_OBJC_ISA_USAGE = YES_ERROR;
				CLANG_WARN_DOCUMENTATION_COMMENTS = YES;
				CLANG_WARN_EMPTY_BODY = YES;
				CLANG_WARN_ENUM_CONVERSION = YES;
				CLANG_WARN_INFINITE_RECURSION = YES;
				CLANG_WARN_INT_CONVERSION = YES;
				CLANG_WARN_OBJC_ROOT_CLASS = YES_ERROR;
				CLANG_WARN_SUSPICIOUS_MOVE = YES;
				CLANG_WARN_UNREACHABLE_CODE = YES;
				CLANG_WARN__DUPLICATE_METHOD_MATCH = YES;
				CODE_SIGN_IDENTITY = "-";
				COPY_PHASE_STRIP = NO;
				DEBUG_INFORMATION_FORMAT = dwarf;
				ENABLE_STRICT_OBJC_MSGSEND = YES;
				ENABLE_TESTABILITY = YES;
				GCC_C_LANGUAGE_STANDARD = gnu99;
				GCC_DYNAMIC_NO_PIC = NO;
				GCC_NO_COMMON_BLOCKS = YES;
				GCC_OPTIMIZATION_LEVEL = 0;
				GCC_PREPROCESSOR_DEFINITIONS = (
					"DEBUG=1",
					"$(inherited)",
				);
				GCC_WARN_64_TO_32_BIT_CONVERSION = YES;
				GCC_WARN_ABOUT_RETURN_TYPE = YES_ERROR;
				GCC_WARN_UNDECLARED_SELECTOR = YES;
				GCC_WARN_UNINITIALIZED_AUTOS = YES_AGGRESSIVE;
				GCC_WARN_UNUSED_FUNCTION = YES;
				GCC_WARN_UNUSED_VARIABLE = YES;
				MACOSX_DEPLOYMENT_TARGET = 10.12;
				MTL_ENABLE_DEBUG_INFO = YES;
				ONLY_ACTIVE_ARCH = YES;
				SDKROOT = macosx;
			};
			name = Debug;
		};
		6ECF5A2E1E8A75C30014D954 /* Release */ = {
			isa = XCBuildConfiguration;
			buildSettings = {
				ALWAYS_SEARCH_USER_PATHS = NO;
				CLANG_ANALYZER_NONNULL = YES;
				CLANG_CXX_LANGUAGE_STANDARD = "gnu++0x";
				CLANG_CXX_LIBRARY = "libc++";
				CLANG_ENABLE_MODULES = YES;
				CLANG_ENABLE_OBJC_ARC = YES;
				CLANG_WARN_BOOL_CONVERSION = YES;
				CLANG_WARN_CONSTANT_CONVERSION = YES;
				CLANG_WARN_DIRECT_OBJC_ISA_USAGE = YES_ERROR;
				CLANG_WARN_DOCUMENTATION_COMMENTS = YES;
				CLANG_WARN_EMPTY_BODY = YES;
				CLANG_WARN_ENUM_CONVERSION = YES;
				CLANG_WARN_INFINITE_RECURSION = YES;
				CLANG_WARN_INT_CONVERSION = YES;
				CLANG_WARN_OBJC_ROOT_CLASS = YES_ERROR;
				CLANG_WARN_SUSPICIOUS_MOVE = YES;
				CLANG_WARN_UNREACHABLE_CODE = YES;
				CLANG_WARN__DUPLICATE_METHOD_MATCH = YES;
				CODE_SIGN_IDENTITY = "-";
				COPY_PHASE_STRIP = NO;
				DEBUG_INFORMATION_FORMAT = "dwarf-with-dsym";
				ENABLE_NS_ASSERTIONS = NO;
				ENABLE_STRICT_OBJC_MSGSEND = YES;
				GCC_C_LANGUAGE_STANDARD = gnu99;
				GCC_NO_COMMON_BLOCKS = YES;
				GCC_WARN_64_TO_32_BIT_CONVERSION = YES;
				GCC_WARN_ABOUT_RETURN_TYPE = YES_ERROR;
				GCC_WARN_UNDECLARED_SELECTOR = YES;
				GCC_WARN_UNINITIALIZED_AUTOS = YES_AGGRESSIVE;
				GCC_WARN_UNUSED_FUNCTION = YES;
				GCC_WARN_UNUSED_VARIABLE = YES;
				MACOSX_DEPLOYMENT_TARGET = 10.12;
				MTL_ENABLE_DEBUG_INFO = NO;
				SDKROOT = macosx;
			};
			name = Release;
		};
		6ECF5A301E8A75C30014D954 /* Debug */ = {
			isa = XCBuildConfiguration;
			buildSettings = {
				PRODUCT_NAME = "$(TARGET_NAME)";
			};
			name = Debug;
		};
		6ECF5A311E8A75C30014D954 /* Release */ = {
			isa = XCBuildConfiguration;
			buildSettings = {
				PRODUCT_NAME = "$(TARGET_NAME)";
			};
			name = Release;
		};
/* End XCBuildConfiguration section */

/* Begin XCConfigurationList section */
		6ECF5A231E8A75C30014D954 /* Build configuration list for PBXProject "PokemonCodeAttempt1" */ = {
			isa = XCConfigurationList;
			buildConfigurations = (
				6ECF5A2D1E8A75C30014D954 /* Debug */,
				6ECF5A2E1E8A75C30014D954 /* Release */,
			);
			defaultConfigurationIsVisible = 0;
			defaultConfigurationName = Release;
		};
		6ECF5A2F1E8A75C30014D954 /* Build configuration list for PBXNativeTarget "PokemonCodeAttempt1" */ = {
			isa = XCConfigurationList;
			buildConfigurations = (
				6ECF5A301E8A75C30014D954 /* Debug */,
				6ECF5A311E8A75C30014D954 /* Release */,
			);
			defaultConfigurationIsVisible = 0;
		};
/* End XCConfigurationList section */
	};
	rootObject = 6ECF5A201E8A75C30014D954 /* Project object */;
}
