// !$*UTF8*$!
{
	archiveVersion = 1;
	classes = {
	};
	objectVersion = 46;
	objects = {

/* Begin PBXBuildFile section */
		6EEF1BEC1E8B10A700C6BEB8 /* main.cpp in Sources */ = {isa = PBXBuildFile; fileRef = 6EEF1BEB1E8B10A700C6BEB8 /* main.cpp */; };
		6EEF1BF31E8B10FF00C6BEB8 /* Hero.cpp in Sources */ = {isa = PBXBuildFile; fileRef = 6EEF1BF21E8B10FF00C6BEB8 /* Hero.cpp */; };
		6EEF1BF71E8B13D300C6BEB8 /* Rival.cpp in Sources */ = {isa = PBXBuildFile; fileRef = 6EEF1BF61E8B13D300C6BEB8 /* Rival.cpp */; };
/* End PBXBuildFile section */

/* Begin PBXCopyFilesBuildPhase section */
		6EEF1BE61E8B10A700C6BEB8 /* CopyFiles */ = {
			isa = PBXCopyFilesBuildPhase;
			buildActionMask = 2147483647;
			dstPath = /usr/share/man/man1/;
			dstSubfolderSpec = 0;
			files = (
			);
			runOnlyForDeploymentPostprocessing = 1;
		};
/* End PBXCopyFilesBuildPhase section */

/* Begin PBXFileReference section */
		6EEF1BE81E8B10A700C6BEB8 /* PokemonCodeAttempt2 */ = {isa = PBXFileReference; explicitFileType = "compiled.mach-o.executable"; includeInIndex = 0; path = PokemonCodeAttempt2; sourceTree = BUILT_PRODUCTS_DIR; };
		6EEF1BEB1E8B10A700C6BEB8 /* main.cpp */ = {isa = PBXFileReference; lastKnownFileType = sourcecode.cpp.cpp; path = main.cpp; sourceTree = "<group>"; };
		6EEF1BF21E8B10FF00C6BEB8 /* Hero.cpp */ = {isa = PBXFileReference; fileEncoding = 4; lastKnownFileType = sourcecode.cpp.cpp; path = Hero.cpp; sourceTree = "<group>"; };
		6EEF1BF41E8B11BA00C6BEB8 /* Hero.h */ = {isa = PBXFileReference; lastKnownFileType = sourcecode.c.h; path = Hero.h; sourceTree = "<group>"; };
		6EEF1BF51E8B138800C6BEB8 /* Rival.h */ = {isa = PBXFileReference; lastKnownFileType = sourcecode.c.h; path = Rival.h; sourceTree = "<group>"; };
		6EEF1BF61E8B13D300C6BEB8 /* Rival.cpp */ = {isa = PBXFileReference; fileEncoding = 4; lastKnownFileType = sourcecode.cpp.cpp; path = Rival.cpp; sourceTree = "<group>"; };
/* End PBXFileReference section */

/* Begin PBXFrameworksBuildPhase section */
		6EEF1BE51E8B10A700C6BEB8 /* Frameworks */ = {
			isa = PBXFrameworksBuildPhase;
			buildActionMask = 2147483647;
			files = (
			);
			runOnlyForDeploymentPostprocessing = 0;
		};
/* End PBXFrameworksBuildPhase section */

/* Begin PBXGroup section */
		6EEF1BDF1E8B10A700C6BEB8 = {
			isa = PBXGroup;
			children = (
				6EEF1BEA1E8B10A700C6BEB8 /* PokemonCodeAttempt2 */,
				6EEF1BE91E8B10A700C6BEB8 /* Products */,
			);
			sourceTree = "<group>";
		};
		6EEF1BE91E8B10A700C6BEB8 /* Products */ = {
			isa = PBXGroup;
			children = (
				6EEF1BE81E8B10A700C6BEB8 /* PokemonCodeAttempt2 */,
			);
			name = Products;
			sourceTree = "<group>";
		};
		6EEF1BEA1E8B10A700C6BEB8 /* PokemonCodeAttempt2 */ = {
			isa = PBXGroup;
			children = (
				6EEF1BEB1E8B10A700C6BEB8 /* main.cpp */,
				6EEF1BF21E8B10FF00C6BEB8 /* Hero.cpp */,
				6EEF1BF41E8B11BA00C6BEB8 /* Hero.h */,
				6EEF1BF51E8B138800C6BEB8 /* Rival.h */,
				6EEF1BF61E8B13D300C6BEB8 /* Rival.cpp */,
			);
			path = PokemonCodeAttempt2;
			sourceTree = "<group>";
		};
/* End PBXGroup section */

/* Begin PBXNativeTarget section */
		6EEF1BE71E8B10A700C6BEB8 /* PokemonCodeAttempt2 */ = {
			isa = PBXNativeTarget;
			buildConfigurationList = 6EEF1BEF1E8B10A700C6BEB8 /* Build configuration list for PBXNativeTarget "PokemonCodeAttempt2" */;
			buildPhases = (
				6EEF1BE41E8B10A700C6BEB8 /* Sources */,
				6EEF1BE51E8B10A700C6BEB8 /* Frameworks */,
				6EEF1BE61E8B10A700C6BEB8 /* CopyFiles */,
			);
			buildRules = (
			);
			dependencies = (
			);
			name = PokemonCodeAttempt2;
			productName = PokemonCodeAttempt2;
			productReference = 6EEF1BE81E8B10A700C6BEB8 /* PokemonCodeAttempt2 */;
			productType = "com.apple.product-type.tool";
		};
/* End PBXNativeTarget section */

/* Begin PBXProject section */
		6EEF1BE01E8B10A700C6BEB8 /* Project object */ = {
			isa = PBXProject;
			attributes = {
				LastUpgradeCheck = 0820;
				ORGANIZATIONNAME = "Trevis Jontaé Fields";
				TargetAttributes = {
					6EEF1BE71E8B10A700C6BEB8 = {
						CreatedOnToolsVersion = 8.2.1;
						ProvisioningStyle = Automatic;
					};
				};
			};
			buildConfigurationList = 6EEF1BE31E8B10A700C6BEB8 /* Build configuration list for PBXProject "PokemonCodeAttempt2" */;
			compatibilityVersion = "Xcode 3.2";
			developmentRegion = English;
			hasScannedForEncodings = 0;
			knownRegions = (
				en,
			);
			mainGroup = 6EEF1BDF1E8B10A700C6BEB8;
			productRefGroup = 6EEF1BE91E8B10A700C6BEB8 /* Products */;
			projectDirPath = "";
			projectRoot = "";
			targets = (
				6EEF1BE71E8B10A700C6BEB8 /* PokemonCodeAttempt2 */,
			);
		};
/* End PBXProject section */

/* Begin PBXSourcesBuildPhase section */
		6EEF1BE41E8B10A700C6BEB8 /* Sources */ = {
			isa = PBXSourcesBuildPhase;
			buildActionMask = 2147483647;
			files = (
				6EEF1BEC1E8B10A700C6BEB8 /* main.cpp in Sources */,
				6EEF1BF31E8B10FF00C6BEB8 /* Hero.cpp in Sources */,
				6EEF1BF71E8B13D300C6BEB8 /* Rival.cpp in Sources */,
			);
			runOnlyForDeploymentPostprocessing = 0;
		};
/* End PBXSourcesBuildPhase section */

/* Begin XCBuildConfiguration section */
		6EEF1BED1E8B10A700C6BEB8 /* Debug */ = {
			isa = XCBuildConfiguration;
			buildSettings = {
				ALWAYS_SEARCH_USER_PATHS = NO;
				CLANG_ANALYZER_NONNULL = YES;
				CLANG_CXX_LANGUAGE_STANDARD = "gnu++0x";
				CLANG_CXX_LIBRARY = "libc++";
				CLANG_ENABLE_MODULES = YES;
				CLANG_ENABLE_OBJC_ARC = YES;
				CLANG_WARN_BOOL_CONVERSION = YES;
				CLANG_WARN_CONSTANT_CONVERSION = YES;
				CLANG_WARN_DIRECT_OBJC_ISA_USAGE = YES_ERROR;
				CLANG_WARN_DOCUMENTATION_COMMENTS = YES;
				CLANG_WARN_EMPTY_BODY = YES;
				CLANG_WARN_ENUM_CONVERSION = YES;
				CLANG_WARN_INFINITE_RECURSION = YES;
				CLANG_WARN_INT_CONVERSION = YES;
				CLANG_WARN_OBJC_ROOT_CLASS = YES_ERROR;
				CLANG_WARN_SUSPICIOUS_MOVE = YES;
				CLANG_WARN_UNREACHABLE_CODE = YES;
				CLANG_WARN__DUPLICATE_METHOD_MATCH = YES;
				CODE_SIGN_IDENTITY = "-";
				COPY_PHASE_STRIP = NO;
				DEBUG_INFORMATION_FORMAT = dwarf;
				ENABLE_STRICT_OBJC_MSGSEND = YES;
				ENABLE_TESTABILITY = YES;
				GCC_C_LANGUAGE_STANDARD = gnu99;
				GCC_DYNAMIC_NO_PIC = NO;
				GCC_NO_COMMON_BLOCKS = YES;
				GCC_OPTIMIZATION_LEVEL = 0;
				GCC_PREPROCESSOR_DEFINITIONS = (
					"DEBUG=1",
					"$(inherited)",
				);
				GCC_WARN_64_TO_32_BIT_CONVERSION = YES;
				GCC_WARN_ABOUT_RETURN_TYPE = YES_ERROR;
				GCC_WARN_UNDECLARED_SELECTOR = YES;
				GCC_WARN_UNINITIALIZED_AUTOS = YES_AGGRESSIVE;
				GCC_WARN_UNUSED_FUNCTION = YES;
				GCC_WARN_UNUSED_VARIABLE = YES;
				MACOSX_DEPLOYMENT_TARGET = 10.12;
				MTL_ENABLE_DEBUG_INFO = YES;
				ONLY_ACTIVE_ARCH = YES;
				SDKROOT = macosx;
			};
			name = Debug;
		};
		6EEF1BEE1E8B10A700C6BEB8 /* Release */ = {
			isa = XCBuildConfiguration;
			buildSettings = {
				ALWAYS_SEARCH_USER_PATHS = NO;
				CLANG_ANALYZER_NONNULL = YES;
				CLANG_CXX_LANGUAGE_STANDARD = "gnu++0x";
				CLANG_CXX_LIBRARY = "libc++";
				CLANG_ENABLE_MODULES = YES;
				CLANG_ENABLE_OBJC_ARC = YES;
				CLANG_WARN_BOOL_CONVERSION = YES;
				CLANG_WARN_CONSTANT_CONVERSION = YES;
				CLANG_WARN_DIRECT_OBJC_ISA_USAGE = YES_ERROR;
				CLANG_WARN_DOCUMENTATION_COMMENTS = YES;
				CLANG_WARN_EMPTY_BODY = YES;
				CLANG_WARN_ENUM_CONVERSION = YES;
				CLANG_WARN_INFINITE_RECURSION = YES;
				CLANG_WARN_INT_CONVERSION = YES;
				CLANG_WARN_OBJC_ROOT_CLASS = YES_ERROR;
				CLANG_WARN_SUSPICIOUS_MOVE = YES;
				CLANG_WARN_UNREACHABLE_CODE = YES;
				CLANG_WARN__DUPLICATE_METHOD_MATCH = YES;
				CODE_SIGN_IDENTITY = "-";
				COPY_PHASE_STRIP = NO;
				DEBUG_INFORMATION_FORMAT = "dwarf-with-dsym";
				ENABLE_NS_ASSERTIONS = NO;
				ENABLE_STRICT_OBJC_MSGSEND = YES;
				GCC_C_LANGUAGE_STANDARD = gnu99;
				GCC_NO_COMMON_BLOCKS = YES;
				GCC_WARN_64_TO_32_BIT_CONVERSION = YES;
				GCC_WARN_ABOUT_RETURN_TYPE = YES_ERROR;
				GCC_WARN_UNDECLARED_SELECTOR = YES;
				GCC_WARN_UNINITIALIZED_AUTOS = YES_AGGRESSIVE;
				GCC_WARN_UNUSED_FUNCTION = YES;
				GCC_WARN_UNUSED_VARIABLE = YES;
				MACOSX_DEPLOYMENT_TARGET = 10.12;
				MTL_ENABLE_DEBUG_INFO = NO;
				SDKROOT = macosx;
			};
			name = Release;
		};
		6EEF1BF01E8B10A700C6BEB8 /* Debug */ = {
			isa = XCBuildConfiguration;
			buildSettings = {
				PRODUCT_NAME = "$(TARGET_NAME)";
			};
			name = Debug;
		};
		6EEF1BF11E8B10A700C6BEB8 /* Release */ = {
			isa = XCBuildConfiguration;
			buildSettings = {
				PRODUCT_NAME = "$(TARGET_NAME)";
			};
			name = Release;
		};
/* End XCBuildConfiguration section */

/* Begin XCConfigurationList section */
		6EEF1BE31E8B10A700C6BEB8 /* Build configuration list for PBXProject "PokemonCodeAttempt2" */ = {
			isa = XCConfigurationList;
			buildConfigurations = (
				6EEF1BED1E8B10A700C6BEB8 /* Debug */,
				6EEF1BEE1E8B10A700C6BEB8 /* Release */,
			);
			defaultConfigurationIsVisible = 0;
			defaultConfigurationName = Release;
		};
		6EEF1BEF1E8B10A700C6BEB8 /* Build configuration list for PBXNativeTarget "PokemonCodeAttempt2" */ = {
			isa = XCConfigurationList;
			buildConfigurations = (
				6EEF1BF01E8B10A700C6BEB8 /* Debug */,
				6EEF1BF11E8B10A700C6BEB8 /* Release */,
			);
			defaultConfigurationIsVisible = 0;
		};
/* End XCConfigurationList section */
	};
	rootObject = 6EEF1BE01E8B10A700C6BEB8 /* Project object */;
}
